
Microsoft Visual Studio Solution File, Format Version 11.00
# Visual Studio 2010
Project("{888888A0-9F3D-457C-B088-3A5042F75D52}") = "DefiningModulesDemo", "DefiningModulesDemo.pyproj", "{9EFCFE8E-4E2F-40B9-9F2A-D0A4EC021507}"
EndProject
Global
	GlobalSection(SolutionConfigurationPlatforms) = preSolution
		Debug|Any CPU = Debug|Any CPU
		Release|Any CPU = Release|Any CPU
	EndGlobalSection
	GlobalSection(ProjectConfigurationPlatforms) = postSolution
		{9EFCFE8E-4E2F-40B9-9F2A-D0A4EC021507}.Debug|Any CPU.ActiveCfg = Debug|Any CPU
		{9EFCFE8E-4E2F-40B9-9F2A-D0A4EC021507}.Release|Any CPU.ActiveCfg = Release|Any CPU
	EndGlobalSection
	GlobalSection(SolutionProperties) = preSolution
		HideSolutionNode = FALSE
	EndGlobalSection
EndGlobal
