
Microsoft Visual Studio Solution File, Format Version 11.00
# Visual Studio 2010
Project("{888888A0-9F3D-457C-B088-3A5042F75D52}") = "DojoTest", "DojoTest.pyproj", "{43740DB6-22FD-4AAF-B7C1-EBF9CD43CFFD}"
EndProject
Global
	GlobalSection(SolutionConfigurationPlatforms) = preSolution
		Debug|Any CPU = Debug|Any CPU
		Release|Any CPU = Release|Any CPU
	EndGlobalSection
	GlobalSection(ProjectConfigurationPlatforms) = postSolution
		{43740DB6-22FD-4AAF-B7C1-EBF9CD43CFFD}.Debug|Any CPU.ActiveCfg = Debug|Any CPU
		{43740DB6-22FD-4AAF-B7C1-EBF9CD43CFFD}.Release|Any CPU.ActiveCfg = Release|Any CPU
	EndGlobalSection
	GlobalSection(SolutionProperties) = preSolution
		HideSolutionNode = FALSE
	EndGlobalSection
EndGlobal
